dependencies:
  idf:
    component_hash: null
    source:
      type: idf
    version: 4.4.7
  iot_usbh:
    component_hash: null
    source:
      path: D:\project\esp32\usb_cdc_4g_module\components\iot_modem\iot_usbh
      type: local
    version: 0.2.1
  iot_usbh_cdc:
    component_hash: null
    source:
      path: D:\project\esp32\usb_cdc_4g_module\components\iot_modem\iot_usbh_cdc
      type: local
    version: 0.2.2
  iot_usbh_modem:
    component_hash: null
    source:
      path: D:\project\esp32\usb_cdc_4g_module\components\iot_modem\iot_usbh_modem
      type: local
    version: 0.2.1
manifest_hash: da1b18f9a700884e00d54c8c18ef5bfab467cbaa95864272d87354c23946f587
target: esp32s3
version: 1.0.0
